
Microsoft Visual Studio Solution File, Format Version 12.00
# Visual Studio 14
VisualStudioVersion = 14.0.25420.1
MinimumVisualStudioVersion = 10.0.40219.1
Project("{FAE04EC0-301F-11D3-BF4B-00C04F79EFBC}") = "02. Longest Increasing Subsequence", "02. Longest Increasing Subsequence\02. Longest Increasing Subsequence.csproj", "{FC1F3AF5-9093-4511-A2E8-41D04EE078BF}"
EndProject
Project("{FAE04EC0-301F-11D3-BF4B-00C04F79EFBC}") = "01. Max Sequence of Equal Elements", "01. Max Sequence of Equal Elements\01. Max Sequence of Equal Elements.csproj", "{98114B9D-FEA5-4445-852A-776D5E7F7E05}"
EndProject
Project("{FAE04EC0-301F-11D3-BF4B-00C04F79EFBC}") = "03. Array Manipulator", "03. Array Manipulator\03. Array Manipulator.csproj", "{8F47113B-7154-4B1E-9224-791AE4DEFF51}"
EndProject
Project("{FAE04EC0-301F-11D3-BF4B-00C04F79EFBC}") = "04. Sum Reversed Numbers", "04. Sum Reversed Numbers\04. Sum Reversed Numbers.csproj", "{E9F51984-038D-41B8-8F40-EA9B671FAFC3}"
EndProject
Project("{FAE04EC0-301F-11D3-BF4B-00C04F79EFBC}") = "05. Bomb Numbers", "05. Bomb Numbers\05. Bomb Numbers.csproj", "{6FD60352-B223-4D05-8A12-C3F592AA6C55}"
EndProject
Global
	GlobalSection(SolutionConfigurationPlatforms) = preSolution
		Debug|Any CPU = Debug|Any CPU
		Release|Any CPU = Release|Any CPU
	EndGlobalSection
	GlobalSection(ProjectConfigurationPlatforms) = postSolution
		{FC1F3AF5-9093-4511-A2E8-41D04EE078BF}.Debug|Any CPU.ActiveCfg = Debug|Any CPU
		{FC1F3AF5-9093-4511-A2E8-41D04EE078BF}.Debug|Any CPU.Build.0 = Debug|Any CPU
		{FC1F3AF5-9093-4511-A2E8-41D04EE078BF}.Release|Any CPU.ActiveCfg = Release|Any CPU
		{FC1F3AF5-9093-4511-A2E8-41D04EE078BF}.Release|Any CPU.Build.0 = Release|Any CPU
		{98114B9D-FEA5-4445-852A-776D5E7F7E05}.Debug|Any CPU.ActiveCfg = Debug|Any CPU
		{98114B9D-FEA5-4445-852A-776D5E7F7E05}.Debug|Any CPU.Build.0 = Debug|Any CPU
		{98114B9D-FEA5-4445-852A-776D5E7F7E05}.Release|Any CPU.ActiveCfg = Release|Any CPU
		{98114B9D-FEA5-4445-852A-776D5E7F7E05}.Release|Any CPU.Build.0 = Release|Any CPU
		{8F47113B-7154-4B1E-9224-791AE4DEFF51}.Debug|Any CPU.ActiveCfg = Debug|Any CPU
		{8F47113B-7154-4B1E-9224-791AE4DEFF51}.Debug|Any CPU.Build.0 = Debug|Any CPU
		{8F47113B-7154-4B1E-9224-791AE4DEFF51}.Release|Any CPU.ActiveCfg = Release|Any CPU
		{8F47113B-7154-4B1E-9224-791AE4DEFF51}.Release|Any CPU.Build.0 = Release|Any CPU
		{E9F51984-038D-41B8-8F40-EA9B671FAFC3}.Debug|Any CPU.ActiveCfg = Debug|Any CPU
		{E9F51984-038D-41B8-8F40-EA9B671FAFC3}.Debug|Any CPU.Build.0 = Debug|Any CPU
		{E9F51984-038D-41B8-8F40-EA9B671FAFC3}.Release|Any CPU.ActiveCfg = Release|Any CPU
		{E9F51984-038D-41B8-8F40-EA9B671FAFC3}.Release|Any CPU.Build.0 = Release|Any CPU
		{6FD60352-B223-4D05-8A12-C3F592AA6C55}.Debug|Any CPU.ActiveCfg = Debug|Any CPU
		{6FD60352-B223-4D05-8A12-C3F592AA6C55}.Debug|Any CPU.Build.0 = Debug|Any CPU
		{6FD60352-B223-4D05-8A12-C3F592AA6C55}.Release|Any CPU.ActiveCfg = Release|Any CPU
		{6FD60352-B223-4D05-8A12-C3F592AA6C55}.Release|Any CPU.Build.0 = Release|Any CPU
	EndGlobalSection
	GlobalSection(SolutionProperties) = preSolution
		HideSolutionNode = FALSE
	EndGlobalSection
EndGlobal
