
Microsoft Visual Studio Solution File, Format Version 12.00
# Visual Studio 14
VisualStudioVersion = 14.0.25420.1
MinimumVisualStudioVersion = 10.0.40219.1
Project("{FAE04EC0-301F-11D3-BF4B-00C04F79EFBC}") = "01. Count Real Numbers", "01. Count Real Numbers\01. Count Real Numbers.csproj", "{2B528084-20C1-46E3-9917-5C9A6F454D9B}"
EndProject
Project("{FAE04EC0-301F-11D3-BF4B-00C04F79EFBC}") = "02. Odd Occurrences", "02. Odd Occurrences\02. Odd Occurrences.csproj", "{B5D0504D-E27D-40E2-A9F4-5C9FB512A765}"
EndProject
Project("{FAE04EC0-301F-11D3-BF4B-00C04F79EFBC}") = "03. Min, Max, Sum, Average", "03. Min, Max, Sum, Average\03. Min, Max, Sum, Average.csproj", "{05768476-702B-4899-B5B5-9180E02EAC9A}"
EndProject
Project("{FAE04EC0-301F-11D3-BF4B-00C04F79EFBC}") = "04. Largest 3 Numbers", "04. Largest 3 Numbers\04. Largest 3 Numbers.csproj", "{1C15C129-FD89-4161-B565-5ECA5CD549E8}"
EndProject
Project("{FAE04EC0-301F-11D3-BF4B-00C04F79EFBC}") = "05. Short Words Sorted", "05. Short Words Sorted\05. Short Words Sorted.csproj", "{DD1E29C1-D458-4005-AB4F-FEF04C36DFBF}"
EndProject
Project("{FAE04EC0-301F-11D3-BF4B-00C04F79EFBC}") = "06. Fold and Sum", "06. Fold and Sum\06. Fold and Sum.csproj", "{6DED6B69-8C46-42B2-8AED-7DE9198D885F}"
EndProject
Global
	GlobalSection(SolutionConfigurationPlatforms) = preSolution
		Debug|Any CPU = Debug|Any CPU
		Release|Any CPU = Release|Any CPU
	EndGlobalSection
	GlobalSection(ProjectConfigurationPlatforms) = postSolution
		{2B528084-20C1-46E3-9917-5C9A6F454D9B}.Debug|Any CPU.ActiveCfg = Debug|Any CPU
		{2B528084-20C1-46E3-9917-5C9A6F454D9B}.Debug|Any CPU.Build.0 = Debug|Any CPU
		{2B528084-20C1-46E3-9917-5C9A6F454D9B}.Release|Any CPU.ActiveCfg = Release|Any CPU
		{2B528084-20C1-46E3-9917-5C9A6F454D9B}.Release|Any CPU.Build.0 = Release|Any CPU
		{B5D0504D-E27D-40E2-A9F4-5C9FB512A765}.Debug|Any CPU.ActiveCfg = Debug|Any CPU
		{B5D0504D-E27D-40E2-A9F4-5C9FB512A765}.Debug|Any CPU.Build.0 = Debug|Any CPU
		{B5D0504D-E27D-40E2-A9F4-5C9FB512A765}.Release|Any CPU.ActiveCfg = Release|Any CPU
		{B5D0504D-E27D-40E2-A9F4-5C9FB512A765}.Release|Any CPU.Build.0 = Release|Any CPU
		{05768476-702B-4899-B5B5-9180E02EAC9A}.Debug|Any CPU.ActiveCfg = Debug|Any CPU
		{05768476-702B-4899-B5B5-9180E02EAC9A}.Debug|Any CPU.Build.0 = Debug|Any CPU
		{05768476-702B-4899-B5B5-9180E02EAC9A}.Release|Any CPU.ActiveCfg = Release|Any CPU
		{05768476-702B-4899-B5B5-9180E02EAC9A}.Release|Any CPU.Build.0 = Release|Any CPU
		{1C15C129-FD89-4161-B565-5ECA5CD549E8}.Debug|Any CPU.ActiveCfg = Debug|Any CPU
		{1C15C129-FD89-4161-B565-5ECA5CD549E8}.Debug|Any CPU.Build.0 = Debug|Any CPU
		{1C15C129-FD89-4161-B565-5ECA5CD549E8}.Release|Any CPU.ActiveCfg = Release|Any CPU
		{1C15C129-FD89-4161-B565-5ECA5CD549E8}.Release|Any CPU.Build.0 = Release|Any CPU
		{DD1E29C1-D458-4005-AB4F-FEF04C36DFBF}.Debug|Any CPU.ActiveCfg = Debug|Any CPU
		{DD1E29C1-D458-4005-AB4F-FEF04C36DFBF}.Debug|Any CPU.Build.0 = Debug|Any CPU
		{DD1E29C1-D458-4005-AB4F-FEF04C36DFBF}.Release|Any CPU.ActiveCfg = Release|Any CPU
		{DD1E29C1-D458-4005-AB4F-FEF04C36DFBF}.Release|Any CPU.Build.0 = Release|Any CPU
		{6DED6B69-8C46-42B2-8AED-7DE9198D885F}.Debug|Any CPU.ActiveCfg = Debug|Any CPU
		{6DED6B69-8C46-42B2-8AED-7DE9198D885F}.Debug|Any CPU.Build.0 = Debug|Any CPU
		{6DED6B69-8C46-42B2-8AED-7DE9198D885F}.Release|Any CPU.ActiveCfg = Release|Any CPU
		{6DED6B69-8C46-42B2-8AED-7DE9198D885F}.Release|Any CPU.Build.0 = Release|Any CPU
	EndGlobalSection
	GlobalSection(SolutionProperties) = preSolution
		HideSolutionNode = FALSE
	EndGlobalSection
EndGlobal
