
Microsoft Visual Studio Solution File, Format Version 12.00
# Visual Studio 14
VisualStudioVersion = 14.0.25420.1
MinimumVisualStudioVersion = 10.0.40219.1
Project("{FAE04EC0-301F-11D3-BF4B-00C04F79EFBC}") = "Problem1", "Problem1\Problem1.csproj", "{DE8D116E-1C5A-44C3-BD0F-80F2A6457783}"
EndProject
Project("{FAE04EC0-301F-11D3-BF4B-00C04F79EFBC}") = "Problem2", "Problem2\Problem2.csproj", "{BA6EF692-BADB-41BF-BA58-A0652A7467A8}"
EndProject
Project("{FAE04EC0-301F-11D3-BF4B-00C04F79EFBC}") = "Problem3", "Problem3\Problem3.csproj", "{D9CD0888-FA70-449C-8C60-903A9515EAAB}"
EndProject
Project("{FAE04EC0-301F-11D3-BF4B-00C04F79EFBC}") = "Problem4", "Problem4\Problem4.csproj", "{011A2886-A0A2-40E0-B6B1-6267EAA9E9F5}"
EndProject
Project("{FAE04EC0-301F-11D3-BF4B-00C04F79EFBC}") = "Problem4_V2", "Problem4_V2\Problem4_V2.csproj", "{CF7C72CF-4C8D-4CF5-AA03-9D94DACD07C8}"
EndProject
Global
	GlobalSection(SolutionConfigurationPlatforms) = preSolution
		Debug|Any CPU = Debug|Any CPU
		Release|Any CPU = Release|Any CPU
	EndGlobalSection
	GlobalSection(ProjectConfigurationPlatforms) = postSolution
		{DE8D116E-1C5A-44C3-BD0F-80F2A6457783}.Debug|Any CPU.ActiveCfg = Debug|Any CPU
		{DE8D116E-1C5A-44C3-BD0F-80F2A6457783}.Debug|Any CPU.Build.0 = Debug|Any CPU
		{DE8D116E-1C5A-44C3-BD0F-80F2A6457783}.Release|Any CPU.ActiveCfg = Release|Any CPU
		{DE8D116E-1C5A-44C3-BD0F-80F2A6457783}.Release|Any CPU.Build.0 = Release|Any CPU
		{BA6EF692-BADB-41BF-BA58-A0652A7467A8}.Debug|Any CPU.ActiveCfg = Debug|Any CPU
		{BA6EF692-BADB-41BF-BA58-A0652A7467A8}.Debug|Any CPU.Build.0 = Debug|Any CPU
		{BA6EF692-BADB-41BF-BA58-A0652A7467A8}.Release|Any CPU.ActiveCfg = Release|Any CPU
		{BA6EF692-BADB-41BF-BA58-A0652A7467A8}.Release|Any CPU.Build.0 = Release|Any CPU
		{D9CD0888-FA70-449C-8C60-903A9515EAAB}.Debug|Any CPU.ActiveCfg = Debug|Any CPU
		{D9CD0888-FA70-449C-8C60-903A9515EAAB}.Debug|Any CPU.Build.0 = Debug|Any CPU
		{D9CD0888-FA70-449C-8C60-903A9515EAAB}.Release|Any CPU.ActiveCfg = Release|Any CPU
		{D9CD0888-FA70-449C-8C60-903A9515EAAB}.Release|Any CPU.Build.0 = Release|Any CPU
		{011A2886-A0A2-40E0-B6B1-6267EAA9E9F5}.Debug|Any CPU.ActiveCfg = Debug|Any CPU
		{011A2886-A0A2-40E0-B6B1-6267EAA9E9F5}.Debug|Any CPU.Build.0 = Debug|Any CPU
		{011A2886-A0A2-40E0-B6B1-6267EAA9E9F5}.Release|Any CPU.ActiveCfg = Release|Any CPU
		{011A2886-A0A2-40E0-B6B1-6267EAA9E9F5}.Release|Any CPU.Build.0 = Release|Any CPU
		{CF7C72CF-4C8D-4CF5-AA03-9D94DACD07C8}.Debug|Any CPU.ActiveCfg = Debug|Any CPU
		{CF7C72CF-4C8D-4CF5-AA03-9D94DACD07C8}.Debug|Any CPU.Build.0 = Debug|Any CPU
		{CF7C72CF-4C8D-4CF5-AA03-9D94DACD07C8}.Release|Any CPU.ActiveCfg = Release|Any CPU
		{CF7C72CF-4C8D-4CF5-AA03-9D94DACD07C8}.Release|Any CPU.Build.0 = Release|Any CPU
	EndGlobalSection
	GlobalSection(SolutionProperties) = preSolution
		HideSolutionNode = FALSE
	EndGlobalSection
EndGlobal
