
Microsoft Visual Studio Solution File, Format Version 12.00
# Visual Studio 14
VisualStudioVersion = 14.0.25420.1
MinimumVisualStudioVersion = 10.0.40219.1
Project("{FAE04EC0-301F-11D3-BF4B-00C04F79EFBC}") = "01. Sino The Walker", "01. Sino The Walker\01. Sino The Walker.csproj", "{4FCD0CED-9079-40E9-A416-E0A993B9593C}"
EndProject
Project("{FAE04EC0-301F-11D3-BF4B-00C04F79EFBC}") = "02. SoftUni Karaoke", "02. SoftUni Karaoke\02. SoftUni Karaoke.csproj", "{350B3840-B128-4CB8-9BC9-52DC2C91BE61}"
EndProject
Project("{FAE04EC0-301F-11D3-BF4B-00C04F79EFBC}") = "03. Endurance Rally", "03. Endurance Rally\03. Endurance Rally.csproj", "{D3F94D3C-8BF5-48DE-B00B-8DE0AED015BE}"
EndProject
Project("{FAE04EC0-301F-11D3-BF4B-00C04F79EFBC}") = "04. Winning Ticket", "04. Winning Ticket\04. Winning Ticket.csproj", "{EC123104-9A24-465B-9426-E73BEBEE0123}"
EndProject
Global
	GlobalSection(SolutionConfigurationPlatforms) = preSolution
		Debug|Any CPU = Debug|Any CPU
		Release|Any CPU = Release|Any CPU
	EndGlobalSection
	GlobalSection(ProjectConfigurationPlatforms) = postSolution
		{4FCD0CED-9079-40E9-A416-E0A993B9593C}.Debug|Any CPU.ActiveCfg = Debug|Any CPU
		{4FCD0CED-9079-40E9-A416-E0A993B9593C}.Debug|Any CPU.Build.0 = Debug|Any CPU
		{4FCD0CED-9079-40E9-A416-E0A993B9593C}.Release|Any CPU.ActiveCfg = Release|Any CPU
		{4FCD0CED-9079-40E9-A416-E0A993B9593C}.Release|Any CPU.Build.0 = Release|Any CPU
		{350B3840-B128-4CB8-9BC9-52DC2C91BE61}.Debug|Any CPU.ActiveCfg = Debug|Any CPU
		{350B3840-B128-4CB8-9BC9-52DC2C91BE61}.Debug|Any CPU.Build.0 = Debug|Any CPU
		{350B3840-B128-4CB8-9BC9-52DC2C91BE61}.Release|Any CPU.ActiveCfg = Release|Any CPU
		{350B3840-B128-4CB8-9BC9-52DC2C91BE61}.Release|Any CPU.Build.0 = Release|Any CPU
		{D3F94D3C-8BF5-48DE-B00B-8DE0AED015BE}.Debug|Any CPU.ActiveCfg = Debug|Any CPU
		{D3F94D3C-8BF5-48DE-B00B-8DE0AED015BE}.Debug|Any CPU.Build.0 = Debug|Any CPU
		{D3F94D3C-8BF5-48DE-B00B-8DE0AED015BE}.Release|Any CPU.ActiveCfg = Release|Any CPU
		{D3F94D3C-8BF5-48DE-B00B-8DE0AED015BE}.Release|Any CPU.Build.0 = Release|Any CPU
		{EC123104-9A24-465B-9426-E73BEBEE0123}.Debug|Any CPU.ActiveCfg = Debug|Any CPU
		{EC123104-9A24-465B-9426-E73BEBEE0123}.Debug|Any CPU.Build.0 = Debug|Any CPU
		{EC123104-9A24-465B-9426-E73BEBEE0123}.Release|Any CPU.ActiveCfg = Release|Any CPU
		{EC123104-9A24-465B-9426-E73BEBEE0123}.Release|Any CPU.Build.0 = Release|Any CPU
	EndGlobalSection
	GlobalSection(SolutionProperties) = preSolution
		HideSolutionNode = FALSE
	EndGlobalSection
EndGlobal
