
Microsoft Visual Studio Solution File, Format Version 12.00
# Visual Studio 14
VisualStudioVersion = 14.0.25420.1
MinimumVisualStudioVersion = 10.0.40219.1
Project("{FAE04EC0-301F-11D3-BF4B-00C04F79EFBC}") = "1. Greeting", "1. Greeting\1. Greeting.csproj", "{A1C7E13B-E67F-4454-8EE3-4B8F09EE9E50}"
EndProject
Project("{FAE04EC0-301F-11D3-BF4B-00C04F79EFBC}") = "2. Add Two Numbers", "2. Add Two Numbers\2. Add Two Numbers.csproj", "{9CB3C407-31D7-4F04-9B26-97AE2132F774}"
EndProject
Project("{FAE04EC0-301F-11D3-BF4B-00C04F79EFBC}") = "3. Employee Data", "3. Employee Data\3. Employee Data.csproj", "{D049A5A6-0FB4-42A5-A334-E2E102476F72}"
EndProject
Global
	GlobalSection(SolutionConfigurationPlatforms) = preSolution
		Debug|Any CPU = Debug|Any CPU
		Release|Any CPU = Release|Any CPU
	EndGlobalSection
	GlobalSection(ProjectConfigurationPlatforms) = postSolution
		{A1C7E13B-E67F-4454-8EE3-4B8F09EE9E50}.Debug|Any CPU.ActiveCfg = Debug|Any CPU
		{A1C7E13B-E67F-4454-8EE3-4B8F09EE9E50}.Debug|Any CPU.Build.0 = Debug|Any CPU
		{A1C7E13B-E67F-4454-8EE3-4B8F09EE9E50}.Release|Any CPU.ActiveCfg = Release|Any CPU
		{A1C7E13B-E67F-4454-8EE3-4B8F09EE9E50}.Release|Any CPU.Build.0 = Release|Any CPU
		{9CB3C407-31D7-4F04-9B26-97AE2132F774}.Debug|Any CPU.ActiveCfg = Debug|Any CPU
		{9CB3C407-31D7-4F04-9B26-97AE2132F774}.Debug|Any CPU.Build.0 = Debug|Any CPU
		{9CB3C407-31D7-4F04-9B26-97AE2132F774}.Release|Any CPU.ActiveCfg = Release|Any CPU
		{9CB3C407-31D7-4F04-9B26-97AE2132F774}.Release|Any CPU.Build.0 = Release|Any CPU
		{D049A5A6-0FB4-42A5-A334-E2E102476F72}.Debug|Any CPU.ActiveCfg = Debug|Any CPU
		{D049A5A6-0FB4-42A5-A334-E2E102476F72}.Debug|Any CPU.Build.0 = Debug|Any CPU
		{D049A5A6-0FB4-42A5-A334-E2E102476F72}.Release|Any CPU.ActiveCfg = Release|Any CPU
		{D049A5A6-0FB4-42A5-A334-E2E102476F72}.Release|Any CPU.Build.0 = Release|Any CPU
	EndGlobalSection
	GlobalSection(SolutionProperties) = preSolution
		HideSolutionNode = FALSE
	EndGlobalSection
EndGlobal
